// !$*UTF8*$!
{
	archiveVersion = 1;
	classes = {
	};
	objectVersion = 46;
	objects = {

/* Begin PBXBuildFile section */
		C102AF491EC4B81D00D979CE /* AppDelegate.swift in Sources */ = {isa = PBXBuildFile; fileRef = C102AF481EC4B81D00D979CE /* AppDelegate.swift */; };
		C102AF4B1EC4B81D00D979CE /* ViewController.swift in Sources */ = {isa = PBXBuildFile; fileRef = C102AF4A1EC4B81D00D979CE /* ViewController.swift */; };
		C102AF4E1EC4B81D00D979CE /* Main.storyboard in Resources */ = {isa = PBXBuildFile; fileRef = C102AF4C1EC4B81D00D979CE /* Main.storyboard */; };
		C102AF501EC4B81D00D979CE /* Assets.xcassets in Resources */ = {isa = PBXBuildFile; fileRef = C102AF4F1EC4B81D00D979CE /* Assets.xcassets */; };
		C102AF531EC4B81D00D979CE /* LaunchScreen.storyboard in Resources */ = {isa = PBXBuildFile; fileRef = C102AF511EC4B81D00D979CE /* LaunchScreen.storyboard */; };
		C102AF5E1EC4B81D00D979CE /* tipsterTests.swift in Sources */ = {isa = PBXBuildFile; fileRef = C102AF5D1EC4B81D00D979CE /* tipsterTests.swift */; };
		C102AF691EC4B81D00D979CE /* tipsterUITests.swift in Sources */ = {isa = PBXBuildFile; fileRef = C102AF681EC4B81D00D979CE /* tipsterUITests.swift */; };
/* End PBXBuildFile section */

/* Begin PBXContainerItemProxy section */
		C102AF5A1EC4B81D00D979CE /* PBXContainerItemProxy */ = {
			isa = PBXContainerItemProxy;
			containerPortal = C102AF3D1EC4B81D00D979CE /* Project object */;
			proxyType = 1;
			remoteGlobalIDString = C102AF441EC4B81D00D979CE;
			remoteInfo = tipster;
		};
		C102AF651EC4B81D00D979CE /* PBXContainerItemProxy */ = {
			isa = PBXContainerItemProxy;
			containerPortal = C102AF3D1EC4B81D00D979CE /* Project object */;
			proxyType = 1;
			remoteGlobalIDString = C102AF441EC4B81D00D979CE;
			remoteInfo = tipster;
		};
/* End PBXContainerItemProxy section */

/* Begin PBXFileReference section */
		C102AF451EC4B81D00D979CE /* tipster.app */ = {isa = PBXFileReference; explicitFileType = wrapper.application; includeInIndex = 0; path = tipster.app; sourceTree = BUILT_PRODUCTS_DIR; };
		C102AF481EC4B81D00D979CE /* AppDelegate.swift */ = {isa = PBXFileReference; lastKnownFileType = sourcecode.swift; path = AppDelegate.swift; sourceTree = "<group>"; };
		C102AF4A1EC4B81D00D979CE /* ViewController.swift */ = {isa = PBXFileReference; lastKnownFileType = sourcecode.swift; path = ViewController.swift; sourceTree = "<group>"; };
		C102AF4D1EC4B81D00D979CE /* Base */ = {isa = PBXFileReference; lastKnownFileType = file.storyboard; name = Base; path = Base.lproj/Main.storyboard; sourceTree = "<group>"; };
		C102AF4F1EC4B81D00D979CE /* Assets.xcassets */ = {isa = PBXFileReference; lastKnownFileType = folder.assetcatalog; path = Assets.xcassets; sourceTree = "<group>"; };
		C102AF521EC4B81D00D979CE /* Base */ = {isa = PBXFileReference; lastKnownFileType = file.storyboard; name = Base; path = Base.lproj/LaunchScreen.storyboard; sourceTree = "<group>"; };
		C102AF541EC4B81D00D979CE /* Info.plist */ = {isa = PBXFileReference; lastKnownFileType = text.plist.xml; path = Info.plist; sourceTree = "<group>"; };
		C102AF591EC4B81D00D979CE /* tipsterTests.xctest */ = {isa = PBXFileReference; explicitFileType = wrapper.cfbundle; includeInIndex = 0; path = tipsterTests.xctest; sourceTree = BUILT_PRODUCTS_DIR; };
		C102AF5D1EC4B81D00D979CE /* tipsterTests.swift */ = {isa = PBXFileReference; lastKnownFileType = sourcecode.swift; path = tipsterTests.swift; sourceTree = "<group>"; };
		C102AF5F1EC4B81D00D979CE /* Info.plist */ = {isa = PBXFileReference; lastKnownFileType = text.plist.xml; path = Info.plist; sourceTree = "<group>"; };
		C102AF641EC4B81D00D979CE /* tipsterUITests.xctest */ = {isa = PBXFileReference; explicitFileType = wrapper.cfbundle; includeInIndex = 0; path = tipsterUITests.xctest; sourceTree = BUILT_PRODUCTS_DIR; };
		C102AF681EC4B81D00D979CE /* tipsterUITests.swift */ = {isa = PBXFileReference; lastKnownFileType = sourcecode.swift; path = tipsterUITests.swift; sourceTree = "<group>"; };
		C102AF6A1EC4B81D00D979CE /* Info.plist */ = {isa = PBXFileReference; lastKnownFileType = text.plist.xml; path = Info.plist; sourceTree = "<group>"; };
/* End PBXFileReference section */

/* Begin PBXFrameworksBuildPhase section */
		C102AF421EC4B81D00D979CE /* Frameworks */ = {
			isa = PBXFrameworksBuildPhase;
			buildActionMask = 2147483647;
			files = (
			);
			runOnlyForDeploymentPostprocessing = 0;
		};
		C102AF561EC4B81D00D979CE /* Frameworks */ = {
			isa = PBXFrameworksBuildPhase;
			buildActionMask = 2147483647;
			files = (
			);
			runOnlyForDeploymentPostprocessing = 0;
		};
		C102AF611EC4B81D00D979CE /* Frameworks */ = {
			isa = PBXFrameworksBuildPhase;
			buildActionMask = 2147483647;
			files = (
			);
			runOnlyForDeploymentPostprocessing = 0;
		};
/* End PBXFrameworksBuildPhase section */

/* Begin PBXGroup section */
		C102AF3C1EC4B81D00D979CE = {
			isa = PBXGroup;
			children = (
				C102AF471EC4B81D00D979CE /* tipster */,
				C102AF5C1EC4B81D00D979CE /* tipsterTests */,
				C102AF671EC4B81D00D979CE /* tipsterUITests */,
				C102AF461EC4B81D00D979CE /* Products */,
			);
			sourceTree = "<group>";
		};
		C102AF461EC4B81D00D979CE /* Products */ = {
			isa = PBXGroup;
			children = (
				C102AF451EC4B81D00D979CE /* tipster.app */,
				C102AF591EC4B81D00D979CE /* tipsterTests.xctest */,
				C102AF641EC4B81D00D979CE /* tipsterUITests.xctest */,
			);
			name = Products;
			sourceTree = "<group>";
		};
		C102AF471EC4B81D00D979CE /* tipster */ = {
			isa = PBXGroup;
			children = (
				C102AF481EC4B81D00D979CE /* AppDelegate.swift */,
				C102AF4A1EC4B81D00D979CE /* ViewController.swift */,
				C102AF4C1EC4B81D00D979CE /* Main.storyboard */,
				C102AF4F1EC4B81D00D979CE /* Assets.xcassets */,
				C102AF511EC4B81D00D979CE /* LaunchScreen.storyboard */,
				C102AF541EC4B81D00D979CE /* Info.plist */,
			);
			path = tipster;
			sourceTree = "<group>";
		};
		C102AF5C1EC4B81D00D979CE /* tipsterTests */ = {
			isa = PBXGroup;
			children = (
				C102AF5D1EC4B81D00D979CE /* tipsterTests.swift */,
				C102AF5F1EC4B81D00D979CE /* Info.plist */,
			);
			path = tipsterTests;
			sourceTree = "<group>";
		};
		C102AF671EC4B81D00D979CE /* tipsterUITests */ = {
			isa = PBXGroup;
			children = (
				C102AF681EC4B81D00D979CE /* tipsterUITests.swift */,
				C102AF6A1EC4B81D00D979CE /* Info.plist */,
			);
			path = tipsterUITests;
			sourceTree = "<group>";
		};
/* End PBXGroup section */

/* Begin PBXNativeTarget section */
		C102AF441EC4B81D00D979CE /* tipster */ = {
			isa = PBXNativeTarget;
			buildConfigurationList = C102AF6D1EC4B81D00D979CE /* Build configuration list for PBXNativeTarget "tipster" */;
			buildPhases = (
				C102AF411EC4B81D00D979CE /* Sources */,
				C102AF421EC4B81D00D979CE /* Frameworks */,
				C102AF431EC4B81D00D979CE /* Resources */,
			);
			buildRules = (
			);
			dependencies = (
			);
			name = tipster;
			productName = tipster;
			productReference = C102AF451EC4B81D00D979CE /* tipster.app */;
			productType = "com.apple.product-type.application";
		};
		C102AF581EC4B81D00D979CE /* tipsterTests */ = {
			isa = PBXNativeTarget;
			buildConfigurationList = C102AF701EC4B81D00D979CE /* Build configuration list for PBXNativeTarget "tipsterTests" */;
			buildPhases = (
				C102AF551EC4B81D00D979CE /* Sources */,
				C102AF561EC4B81D00D979CE /* Frameworks */,
				C102AF571EC4B81D00D979CE /* Resources */,
			);
			buildRules = (
			);
			dependencies = (
				C102AF5B1EC4B81D00D979CE /* PBXTargetDependency */,
			);
			name = tipsterTests;
			productName = tipsterTests;
			productReference = C102AF591EC4B81D00D979CE /* tipsterTests.xctest */;
			productType = "com.apple.product-type.bundle.unit-test";
		};
		C102AF631EC4B81D00D979CE /* tipsterUITests */ = {
			isa = PBXNativeTarget;
			buildConfigurationList = C102AF731EC4B81D00D979CE /* Build configuration list for PBXNativeTarget "tipsterUITests" */;
			buildPhases = (
				C102AF601EC4B81D00D979CE /* Sources */,
				C102AF611EC4B81D00D979CE /* Frameworks */,
				C102AF621EC4B81D00D979CE /* Resources */,
			);
			buildRules = (
			);
			dependencies = (
				C102AF661EC4B81D00D979CE /* PBXTargetDependency */,
			);
			name = tipsterUITests;
			productName = tipsterUITests;
			productReference = C102AF641EC4B81D00D979CE /* tipsterUITests.xctest */;
			productType = "com.apple.product-type.bundle.ui-testing";
		};
/* End PBXNativeTarget section */

/* Begin PBXProject section */
		C102AF3D1EC4B81D00D979CE /* Project object */ = {
			isa = PBXProject;
			attributes = {
				LastSwiftUpdateCheck = 0830;
				LastUpgradeCheck = 0830;
				ORGANIZATIONNAME = "Dustin Galindo";
				TargetAttributes = {
					C102AF441EC4B81D00D979CE = {
						CreatedOnToolsVersion = 8.3.2;
						DevelopmentTeam = RVX28FPJ5M;
						ProvisioningStyle = Automatic;
					};
					C102AF581EC4B81D00D979CE = {
						CreatedOnToolsVersion = 8.3.2;
						DevelopmentTeam = RVX28FPJ5M;
						ProvisioningStyle = Automatic;
						TestTargetID = C102AF441EC4B81D00D979CE;
					};
					C102AF631EC4B81D00D979CE = {
						CreatedOnToolsVersion = 8.3.2;
						DevelopmentTeam = RVX28FPJ5M;
						ProvisioningStyle = Automatic;
						TestTargetID = C102AF441EC4B81D00D979CE;
					};
				};
			};
			buildConfigurationList = C102AF401EC4B81D00D979CE /* Build configuration list for PBXProject "tipster" */;
			compatibilityVersion = "Xcode 3.2";
			developmentRegion = English;
			hasScannedForEncodings = 0;
			knownRegions = (
				en,
				Base,
			);
			mainGroup = C102AF3C1EC4B81D00D979CE;
			productRefGroup = C102AF461EC4B81D00D979CE /* Products */;
			projectDirPath = "";
			projectRoot = "";
			targets = (
				C102AF441EC4B81D00D979CE /* tipster */,
				C102AF581EC4B81D00D979CE /* tipsterTests */,
				C102AF631EC4B81D00D979CE /* tipsterUITests */,
			);
		};
/* End PBXProject section */

/* Begin PBXResourcesBuildPhase section */
		C102AF431EC4B81D00D979CE /* Resources */ = {
			isa = PBXResourcesBuildPhase;
			buildActionMask = 2147483647;
			files = (
				C102AF531EC4B81D00D979CE /* LaunchScreen.storyboard in Resources */,
				C102AF501EC4B81D00D979CE /* Assets.xcassets in Resources */,
				C102AF4E1EC4B81D00D979CE /* Main.storyboard in Resources */,
			);
			runOnlyForDeploymentPostprocessing = 0;
		};
		C102AF571EC4B81D00D979CE /* Resources */ = {
			isa = PBXResourcesBuildPhase;
			buildActionMask = 2147483647;
			files = (
			);
			runOnlyForDeploymentPostprocessing = 0;
		};
		C102AF621EC4B81D00D979CE /* Resources */ = {
			isa = PBXResourcesBuildPhase;
			buildActionMask = 2147483647;
			files = (
			);
			runOnlyForDeploymentPostprocessing = 0;
		};
/* End PBXResourcesBuildPhase section */

/* Begin PBXSourcesBuildPhase section */
		C102AF411EC4B81D00D979CE /* Sources */ = {
			isa = PBXSourcesBuildPhase;
			buildActionMask = 2147483647;
			files = (
				C102AF4B1EC4B81D00D979CE /* ViewController.swift in Sources */,
				C102AF491EC4B81D00D979CE /* AppDelegate.swift in Sources */,
			);
			runOnlyForDeploymentPostprocessing = 0;
		};
		C102AF551EC4B81D00D979CE /* Sources */ = {
			isa = PBXSourcesBuildPhase;
			buildActionMask = 2147483647;
			files = (
				C102AF5E1EC4B81D00D979CE /* tipsterTests.swift in Sources */,
			);
			runOnlyForDeploymentPostprocessing = 0;
		};
		C102AF601EC4B81D00D979CE /* Sources */ = {
			isa = PBXSourcesBuildPhase;
			buildActionMask = 2147483647;
			files = (
				C102AF691EC4B81D00D979CE /* tipsterUITests.swift in Sources */,
			);
			runOnlyForDeploymentPostprocessing = 0;
		};
/* End PBXSourcesBuildPhase section */

/* Begin PBXTargetDependency section */
		C102AF5B1EC4B81D00D979CE /* PBXTargetDependency */ = {
			isa = PBXTargetDependency;
			target = C102AF441EC4B81D00D979CE /* tipster */;
			targetProxy = C102AF5A1EC4B81D00D979CE /* PBXContainerItemProxy */;
		};
		C102AF661EC4B81D00D979CE /* PBXTargetDependency */ = {
			isa = PBXTargetDependency;
			target = C102AF441EC4B81D00D979CE /* tipster */;
			targetProxy = C102AF651EC4B81D00D979CE /* PBXContainerItemProxy */;
		};
/* End PBXTargetDependency section */

/* Begin PBXVariantGroup section */
		C102AF4C1EC4B81D00D979CE /* Main.storyboard */ = {
			isa = PBXVariantGroup;
			children = (
				C102AF4D1EC4B81D00D979CE /* Base */,
			);
			name = Main.storyboard;
			sourceTree = "<group>";
		};
		C102AF511EC4B81D00D979CE /* LaunchScreen.storyboard */ = {
			isa = PBXVariantGroup;
			children = (
				C102AF521EC4B81D00D979CE /* Base */,
			);
			name = LaunchScreen.storyboard;
			sourceTree = "<group>";
		};
/* End PBXVariantGroup section */

/* Begin XCBuildConfiguration section */
		C102AF6B1EC4B81D00D979CE /* Debug */ = {
			isa = XCBuildConfiguration;
			buildSettings = {
				ALWAYS_SEARCH_USER_PATHS = NO;
				CLANG_ANALYZER_NONNULL = YES;
				CLANG_ANALYZER_NUMBER_OBJECT_CONVERSION = YES_AGGRESSIVE;
				CLANG_CXX_LANGUAGE_STANDARD = "gnu++0x";
				CLANG_CXX_LIBRARY = "libc++";
				CLANG_ENABLE_MODULES = YES;
				CLANG_ENABLE_OBJC_ARC = YES;
				CLANG_WARN_BOOL_CONVERSION = YES;
				CLANG_WARN_CONSTANT_CONVERSION = YES;
				CLANG_WARN_DIRECT_OBJC_ISA_USAGE = YES_ERROR;
				CLANG_WARN_DOCUMENTATION_COMMENTS = YES;
				CLANG_WARN_EMPTY_BODY = YES;
				CLANG_WARN_ENUM_CONVERSION = YES;
				CLANG_WARN_INFINITE_RECURSION = YES;
				CLANG_WARN_INT_CONVERSION = YES;
				CLANG_WARN_OBJC_ROOT_CLASS = YES_ERROR;
				CLANG_WARN_SUSPICIOUS_MOVE = YES;
				CLANG_WARN_UNREACHABLE_CODE = YES;
				CLANG_WARN__DUPLICATE_METHOD_MATCH = YES;
				"CODE_SIGN_IDENTITY[sdk=iphoneos*]" = "iPhone Developer";
				COPY_PHASE_STRIP = NO;
				DEBUG_INFORMATION_FORMAT = dwarf;
				ENABLE_STRICT_OBJC_MSGSEND = YES;
				ENABLE_TESTABILITY = YES;
				GCC_C_LANGUAGE_STANDARD = gnu99;
				GCC_DYNAMIC_NO_PIC = NO;
				GCC_NO_COMMON_BLOCKS = YES;
				GCC_OPTIMIZATION_LEVEL = 0;
				GCC_PREPROCESSOR_DEFINITIONS = (
					"DEBUG=1",
					"$(inherited)",
				);
				GCC_WARN_64_TO_32_BIT_CONVERSION = YES;
				GCC_WARN_ABOUT_RETURN_TYPE = YES_ERROR;
				GCC_WARN_UNDECLARED_SELECTOR = YES;
				GCC_WARN_UNINITIALIZED_AUTOS = YES_AGGRESSIVE;
				GCC_WARN_UNUSED_FUNCTION = YES;
				GCC_WARN_UNUSED_VARIABLE = YES;
				IPHONEOS_DEPLOYMENT_TARGET = 10.3;
				MTL_ENABLE_DEBUG_INFO = YES;
				ONLY_ACTIVE_ARCH = YES;
				SDKROOT = iphoneos;
				SWIFT_ACTIVE_COMPILATION_CONDITIONS = DEBUG;
				SWIFT_OPTIMIZATION_LEVEL = "-Onone";
				TARGETED_DEVICE_FAMILY = "1,2";
			};
			name = Debug;
		};
		C102AF6C1EC4B81D00D979CE /* Release */ = {
			isa = XCBuildConfiguration;
			buildSettings = {
				ALWAYS_SEARCH_USER_PATHS = NO;
				CLANG_ANALYZER_NONNULL = YES;
				CLANG_ANALYZER_NUMBER_OBJECT_CONVERSION = YES_AGGRESSIVE;
				CLANG_CXX_LANGUAGE_STANDARD = "gnu++0x";
				CLANG_CXX_LIBRARY = "libc++";
				CLANG_ENABLE_MODULES = YES;
				CLANG_ENABLE_OBJC_ARC = YES;
				CLANG_WARN_BOOL_CONVERSION = YES;
				CLANG_WARN_CONSTANT_CONVERSION = YES;
				CLANG_WARN_DIRECT_OBJC_ISA_USAGE = YES_ERROR;
				CLANG_WARN_DOCUMENTATION_COMMENTS = YES;
				CLANG_WARN_EMPTY_BODY = YES;
				CLANG_WARN_ENUM_CONVERSION = YES;
				CLANG_WARN_INFINITE_RECURSION = YES;
				CLANG_WARN_INT_CONVERSION = YES;
				CLANG_WARN_OBJC_ROOT_CLASS = YES_ERROR;
				CLANG_WARN_SUSPICIOUS_MOVE = YES;
				CLANG_WARN_UNREACHABLE_CODE = YES;
				CLANG_WARN__DUPLICATE_METHOD_MATCH = YES;
				"CODE_SIGN_IDENTITY[sdk=iphoneos*]" = "iPhone Developer";
				COPY_PHASE_STRIP = NO;
				DEBUG_INFORMATION_FORMAT = "dwarf-with-dsym";
				ENABLE_NS_ASSERTIONS = NO;
				ENABLE_STRICT_OBJC_MSGSEND = YES;
				GCC_C_LANGUAGE_STANDARD = gnu99;
				GCC_NO_COMMON_BLOCKS = YES;
				GCC_WARN_64_TO_32_BIT_CONVERSION = YES;
				GCC_WARN_ABOUT_RETURN_TYPE = YES_ERROR;
				GCC_WARN_UNDECLARED_SELECTOR = YES;
				GCC_WARN_UNINITIALIZED_AUTOS = YES_AGGRESSIVE;
				GCC_WARN_UNUSED_FUNCTION = YES;
				GCC_WARN_UNUSED_VARIABLE = YES;
				IPHONEOS_DEPLOYMENT_TARGET = 10.3;
				MTL_ENABLE_DEBUG_INFO = NO;
				SDKROOT = iphoneos;
				SWIFT_OPTIMIZATION_LEVEL = "-Owholemodule";
				TARGETED_DEVICE_FAMILY = "1,2";
				VALIDATE_PRODUCT = YES;
			};
			name = Release;
		};
		C102AF6E1EC4B81D00D979CE /* Debug */ = {
			isa = XCBuildConfiguration;
			buildSettings = {
				ASSETCATALOG_COMPILER_APPICON_NAME = AppIcon;
				DEVELOPMENT_TEAM = RVX28FPJ5M;
				INFOPLIST_FILE = tipster/Info.plist;
				LD_RUNPATH_SEARCH_PATHS = "$(inherited) @executable_path/Frameworks";
				PRODUCT_BUNDLE_IDENTIFIER = com.dustingalindo.tipster;
				PRODUCT_NAME = "$(TARGET_NAME)";
				SWIFT_VERSION = 3.0;
			};
			name = Debug;
		};
		C102AF6F1EC4B81D00D979CE /* Release */ = {
			isa = XCBuildConfiguration;
			buildSettings = {
				ASSETCATALOG_COMPILER_APPICON_NAME = AppIcon;
				DEVELOPMENT_TEAM = RVX28FPJ5M;
				INFOPLIST_FILE = tipster/Info.plist;
				LD_RUNPATH_SEARCH_PATHS = "$(inherited) @executable_path/Frameworks";
				PRODUCT_BUNDLE_IDENTIFIER = com.dustingalindo.tipster;
				PRODUCT_NAME = "$(TARGET_NAME)";
				SWIFT_VERSION = 3.0;
			};
			name = Release;
		};
		C102AF711EC4B81D00D979CE /* Debug */ = {
			isa = XCBuildConfiguration;
			buildSettings = {
				ALWAYS_EMBED_SWIFT_STANDARD_LIBRARIES = YES;
				BUNDLE_LOADER = "$(TEST_HOST)";
				DEVELOPMENT_TEAM = RVX28FPJ5M;
				INFOPLIST_FILE = tipsterTests/Info.plist;
				LD_RUNPATH_SEARCH_PATHS = "$(inherited) @executable_path/Frameworks @loader_path/Frameworks";
				PRODUCT_BUNDLE_IDENTIFIER = com.dustingalindo.tipsterTests;
				PRODUCT_NAME = "$(TARGET_NAME)";
				SWIFT_VERSION = 3.0;
				TEST_HOST = "$(BUILT_PRODUCTS_DIR)/tipster.app/tipster";
			};
			name = Debug;
		};
		C102AF721EC4B81D00D979CE /* Release */ = {
			isa = XCBuildConfiguration;
			buildSettings = {
				ALWAYS_EMBED_SWIFT_STANDARD_LIBRARIES = YES;
				BUNDLE_LOADER = "$(TEST_HOST)";
				DEVELOPMENT_TEAM = RVX28FPJ5M;
				INFOPLIST_FILE = tipsterTests/Info.plist;
				LD_RUNPATH_SEARCH_PATHS = "$(inherited) @executable_path/Frameworks @loader_path/Frameworks";
				PRODUCT_BUNDLE_IDENTIFIER = com.dustingalindo.tipsterTests;
				PRODUCT_NAME = "$(TARGET_NAME)";
				SWIFT_VERSION = 3.0;
				TEST_HOST = "$(BUILT_PRODUCTS_DIR)/tipster.app/tipster";
			};
			name = Release;
		};
		C102AF741EC4B81D00D979CE /* Debug */ = {
			isa = XCBuildConfiguration;
			buildSettings = {
				ALWAYS_EMBED_SWIFT_STANDARD_LIBRARIES = YES;
				DEVELOPMENT_TEAM = RVX28FPJ5M;
				INFOPLIST_FILE = tipsterUITests/Info.plist;
				LD_RUNPATH_SEARCH_PATHS = "$(inherited) @executable_path/Frameworks @loader_path/Frameworks";
				PRODUCT_BUNDLE_IDENTIFIER = com.dustingalindo.tipsterUITests;
				PRODUCT_NAME = "$(TARGET_NAME)";
				SWIFT_VERSION = 3.0;
				TEST_TARGET_NAME = tipster;
			};
			name = Debug;
		};
		C102AF751EC4B81D00D979CE /* Release */ = {
			isa = XCBuildConfiguration;
			buildSettings = {
				ALWAYS_EMBED_SWIFT_STANDARD_LIBRARIES = YES;
				DEVELOPMENT_TEAM = RVX28FPJ5M;
				INFOPLIST_FILE = tipsterUITests/Info.plist;
				LD_RUNPATH_SEARCH_PATHS = "$(inherited) @executable_path/Frameworks @loader_path/Frameworks";
				PRODUCT_BUNDLE_IDENTIFIER = com.dustingalindo.tipsterUITests;
				PRODUCT_NAME = "$(TARGET_NAME)";
				SWIFT_VERSION = 3.0;
				TEST_TARGET_NAME = tipster;
			};
			name = Release;
		};
/* End XCBuildConfiguration section */

/* Begin XCConfigurationList section */
		C102AF401EC4B81D00D979CE /* Build configuration list for PBXProject "tipster" */ = {
			isa = XCConfigurationList;
			buildConfigurations = (
				C102AF6B1EC4B81D00D979CE /* Debug */,
				C102AF6C1EC4B81D00D979CE /* Release */,
			);
			defaultConfigurationIsVisible = 0;
			defaultConfigurationName = Release;
		};
		C102AF6D1EC4B81D00D979CE /* Build configuration list for PBXNativeTarget "tipster" */ = {
			isa = XCConfigurationList;
			buildConfigurations = (
				C102AF6E1EC4B81D00D979CE /* Debug */,
				C102AF6F1EC4B81D00D979CE /* Release */,
			);
			defaultConfigurationIsVisible = 0;
		};
		C102AF701EC4B81D00D979CE /* Build configuration list for PBXNativeTarget "tipsterTests" */ = {
			isa = XCConfigurationList;
			buildConfigurations = (
				C102AF711EC4B81D00D979CE /* Debug */,
				C102AF721EC4B81D00D979CE /* Release */,
			);
			defaultConfigurationIsVisible = 0;
		};
		C102AF731EC4B81D00D979CE /* Build configuration list for PBXNativeTarget "tipsterUITests" */ = {
			isa = XCConfigurationList;
			buildConfigurations = (
				C102AF741EC4B81D00D979CE /* Debug */,
				C102AF751EC4B81D00D979CE /* Release */,
			);
			defaultConfigurationIsVisible = 0;
		};
/* End XCConfigurationList section */
	};
	rootObject = C102AF3D1EC4B81D00D979CE /* Project object */;
}
